
Microsoft Visual Studio Solution File, Format Version 12.00
# Visual Studio 15
VisualStudioVersion = 15.0.28307.960
MinimumVisualStudioVersion = 10.0.40219.1
Project("{FAE04EC0-301F-11D3-BF4B-00C04F79EFBC}") = "GUI", "GUI\GUI.csproj", "{13EA3C28-E362-484F-A800-C7D4F24CB358}"
EndProject
Project("{FAE04EC0-301F-11D3-BF4B-00C04F79EFBC}") = "MediaClass", "Media\MediaClass.csproj", "{BC857B8B-416D-4D25-85EE-944210E7FECE}"
EndProject
Project("{FAE04EC0-301F-11D3-BF4B-00C04F79EFBC}") = "HelperClasses", "Serializing\HelperClasses.csproj", "{739309BE-A16A-41F7-AC7D-B228A2A2D235}"
EndProject
Global
	GlobalSection(SolutionConfigurationPlatforms) = preSolution
		Debug|Any CPU = Debug|Any CPU
		Release|Any CPU = Release|Any CPU
	EndGlobalSection
	GlobalSection(ProjectConfigurationPlatforms) = postSolution
		{13EA3C28-E362-484F-A800-C7D4F24CB358}.Debug|Any CPU.ActiveCfg = Debug|Any CPU
		{13EA3C28-E362-484F-A800-C7D4F24CB358}.Debug|Any CPU.Build.0 = Debug|Any CPU
		{13EA3C28-E362-484F-A800-C7D4F24CB358}.Release|Any CPU.ActiveCfg = Release|Any CPU
		{13EA3C28-E362-484F-A800-C7D4F24CB358}.Release|Any CPU.Build.0 = Release|Any CPU
		{BC857B8B-416D-4D25-85EE-944210E7FECE}.Debug|Any CPU.ActiveCfg = Debug|Any CPU
		{BC857B8B-416D-4D25-85EE-944210E7FECE}.Debug|Any CPU.Build.0 = Debug|Any CPU
		{BC857B8B-416D-4D25-85EE-944210E7FECE}.Release|Any CPU.ActiveCfg = Release|Any CPU
		{BC857B8B-416D-4D25-85EE-944210E7FECE}.Release|Any CPU.Build.0 = Release|Any CPU
		{739309BE-A16A-41F7-AC7D-B228A2A2D235}.Debug|Any CPU.ActiveCfg = Debug|Any CPU
		{739309BE-A16A-41F7-AC7D-B228A2A2D235}.Debug|Any CPU.Build.0 = Debug|Any CPU
		{739309BE-A16A-41F7-AC7D-B228A2A2D235}.Release|Any CPU.ActiveCfg = Release|Any CPU
		{739309BE-A16A-41F7-AC7D-B228A2A2D235}.Release|Any CPU.Build.0 = Release|Any CPU
	EndGlobalSection
	GlobalSection(SolutionProperties) = preSolution
		HideSolutionNode = FALSE
	EndGlobalSection
	GlobalSection(ExtensibilityGlobals) = postSolution
		SolutionGuid = {DB51D31D-17CB-4650-9FDA-9D759B70B1AA}
	EndGlobalSection
EndGlobal
